
Microsoft Visual Studio Solution File, Format Version 12.00
# Visual Studio Version 16
VisualStudioVersion = 16.0.30204.135
MinimumVisualStudioVersion = 10.0.40219.1
Project("{FAE04EC0-301F-11D3-BF4B-00C04F79EFBC}") = "WebApplication11", "WebApplication11.csproj", "{8F29C8C3-A4DB-4476-8E96-BE176FA1D135}"
EndProject
Global
	GlobalSection(SolutionConfigurationPlatforms) = preSolution
		Debug|Any CPU = Debug|Any CPU
		Release|Any CPU = Release|Any CPU
	EndGlobalSection
	GlobalSection(ProjectConfigurationPlatforms) = postSolution
		{8F29C8C3-A4DB-4476-8E96-BE176FA1D135}.Debug|Any CPU.ActiveCfg = Debug|Any CPU
		{8F29C8C3-A4DB-4476-8E96-BE176FA1D135}.Debug|Any CPU.Build.0 = Debug|Any CPU
		{8F29C8C3-A4DB-4476-8E96-BE176FA1D135}.Release|Any CPU.ActiveCfg = Release|Any CPU
		{8F29C8C3-A4DB-4476-8E96-BE176FA1D135}.Release|Any CPU.Build.0 = Release|Any CPU
	EndGlobalSection
	GlobalSection(SolutionProperties) = preSolution
		HideSolutionNode = FALSE
	EndGlobalSection
	GlobalSection(ExtensibilityGlobals) = postSolution
		SolutionGuid = {32EAF0F5-FD67-4693-8104-C3069D595C26}
	EndGlobalSection
EndGlobal
